Microsoft Visual Studio Solution File, Format Version 11.00
# Visual C++ Express 2010
Project("{8BC9CEB8-8B4A-11D0-8D11-00A0C91BC942}") = "Splines", "splines\Splines.vcxproj", "{25DAA4A1-CD19-63DE-B95F-9294C87CD5F1}"
EndProject
Project("{8BC9CEB8-8B4A-11D0-8D11-00A0C91BC942}") = "botlib", "botlib\botlib.vcxproj", "{2A251E04-BCD1-FD9D-6BEC-65F06CB99ACE}"
EndProject
Project("{8BC9CEB8-8B4A-11D0-8D11-00A0C91BC942}") = "cgame", "cgame\cgame.vcxproj", "{C68C08E7-E072-BE42-EEB4-9BA82521C7D9}"
EndProject
Project("{8BC9CEB8-8B4A-11D0-8D11-00A0C91BC942}") = "game", "game\game.vcxproj", "{DA3CF0DC-ED6D-2A17-C298-04115F602566}"
EndProject
Project("{8BC9CEB8-8B4A-11D0-8D11-00A0C91BC942}") = "q3_ui", "q3_ui\q3_ui.vcxproj", "{257D73E6-DAE4-D624-72A8-EAFFCDE53B5D}"
EndProject
Project("{8BC9CEB8-8B4A-11D0-8D11-00A0C91BC942}") = "quake3", "quake3.vcxproj", "{0E715305-602B-BBBC-BAC9-F67549C2898A}"
EndProject
Project("{8BC9CEB8-8B4A-11D0-8D11-00A0C91BC942}") = "renderer", "renderer\renderer.vcxproj", "{AA25EB69-7517-56D3-13C9-FDC1661F71E4}"
EndProject
Project("{8BC9CEB8-8B4A-11D0-8D11-00A0C91BC942}") = "ui", "ui\ui.vcxproj", "{F8378E0C-F93E-5C6F-11D4-D2DEE3FBF0A7}"
EndProject
Global
	GlobalSection(SolutionConfigurationPlatforms) = preSolution
		Debug Alpha|Win32 = Debug Alpha|Win32
		Debug TA DEMO|Win32 = Debug TA DEMO|Win32
		Debug TA|Win32 = Debug TA|Win32
		Debug|Win32 = Debug|Win32
		Release Alpha|Win32 = Release Alpha|Win32
		Release TA DEMO|Win32 = Release TA DEMO|Win32
		Release TA|Win32 = Release TA|Win32
		Release|Win32 = Release|Win32
		vector|Win32 = vector|Win32
	EndGlobalSection
	GlobalSection(ProjectConfigurationPlatforms) = postSolution
		{25DAA4A1-CD19-63DE-B95F-9294C87CD5F1}.Debug Alpha|Win32.ActiveCfg = Debug|Win32
		{25DAA4A1-CD19-63DE-B95F-9294C87CD5F1}.Debug Alpha|Win32.Build.0 = Debug|Win32
		{25DAA4A1-CD19-63DE-B95F-9294C87CD5F1}.Debug TA DEMO|Win32.ActiveCfg = Debug|Win32
		{25DAA4A1-CD19-63DE-B95F-9294C87CD5F1}.Debug TA DEMO|Win32.Build.0 = Debug|Win32
		{25DAA4A1-CD19-63DE-B95F-9294C87CD5F1}.Debug TA|Win32.ActiveCfg = Debug|Win32
		{25DAA4A1-CD19-63DE-B95F-9294C87CD5F1}.Debug|Win32.ActiveCfg = Debug|Win32
		{25DAA4A1-CD19-63DE-B95F-9294C87CD5F1}.Release Alpha|Win32.ActiveCfg = Release|Win32
		{25DAA4A1-CD19-63DE-B95F-9294C87CD5F1}.Release Alpha|Win32.Build.0 = Release|Win32
		{25DAA4A1-CD19-63DE-B95F-9294C87CD5F1}.Release TA DEMO|Win32.ActiveCfg = Release|Win32
		{25DAA4A1-CD19-63DE-B95F-9294C87CD5F1}.Release TA DEMO|Win32.Build.0 = Release|Win32
		{25DAA4A1-CD19-63DE-B95F-9294C87CD5F1}.Release TA|Win32.ActiveCfg = Release|Win32
		{25DAA4A1-CD19-63DE-B95F-9294C87CD5F1}.Release|Win32.ActiveCfg = Release|Win32
		{25DAA4A1-CD19-63DE-B95F-9294C87CD5F1}.vector|Win32.ActiveCfg = Release|Win32
		{25DAA4A1-CD19-63DE-B95F-9294C87CD5F1}.vector|Win32.Build.0 = Release|Win32
		{2A251E04-BCD1-FD9D-6BEC-65F06CB99ACE}.Debug Alpha|Win32.ActiveCfg = Debug TA|Win32
		{2A251E04-BCD1-FD9D-6BEC-65F06CB99ACE}.Debug Alpha|Win32.Build.0 = Debug TA|Win32
		{2A251E04-BCD1-FD9D-6BEC-65F06CB99ACE}.Debug TA DEMO|Win32.ActiveCfg = Debug TA|Win32
		{2A251E04-BCD1-FD9D-6BEC-65F06CB99ACE}.Debug TA DEMO|Win32.Build.0 = Debug TA|Win32
		{2A251E04-BCD1-FD9D-6BEC-65F06CB99ACE}.Debug TA|Win32.ActiveCfg = Debug TA|Win32
		{2A251E04-BCD1-FD9D-6BEC-65F06CB99ACE}.Debug|Win32.ActiveCfg = Debug|Win32
		{2A251E04-BCD1-FD9D-6BEC-65F06CB99ACE}.Release Alpha|Win32.ActiveCfg = Release TA|Win32
		{2A251E04-BCD1-FD9D-6BEC-65F06CB99ACE}.Release Alpha|Win32.Build.0 = Release TA|Win32
		{2A251E04-BCD1-FD9D-6BEC-65F06CB99ACE}.Release TA DEMO|Win32.ActiveCfg = Release TA|Win32
		{2A251E04-BCD1-FD9D-6BEC-65F06CB99ACE}.Release TA DEMO|Win32.Build.0 = Release TA|Win32
		{2A251E04-BCD1-FD9D-6BEC-65F06CB99ACE}.Release TA|Win32.ActiveCfg = Release TA|Win32
		{2A251E04-BCD1-FD9D-6BEC-65F06CB99ACE}.Release|Win32.ActiveCfg = Release|Win32
		{2A251E04-BCD1-FD9D-6BEC-65F06CB99ACE}.vector|Win32.ActiveCfg = vector|Win32
		{2A251E04-BCD1-FD9D-6BEC-65F06CB99ACE}.vector|Win32.Build.0 = vector|Win32
		{C68C08E7-E072-BE42-EEB4-9BA82521C7D9}.Debug Alpha|Win32.ActiveCfg = Debug TA|Win32
		{C68C08E7-E072-BE42-EEB4-9BA82521C7D9}.Debug Alpha|Win32.Build.0 = Debug TA|Win32
		{C68C08E7-E072-BE42-EEB4-9BA82521C7D9}.Debug TA DEMO|Win32.ActiveCfg = Debug TA|Win32
		{C68C08E7-E072-BE42-EEB4-9BA82521C7D9}.Debug TA DEMO|Win32.Build.0 = Debug TA|Win32
		{C68C08E7-E072-BE42-EEB4-9BA82521C7D9}.Debug TA|Win32.ActiveCfg = Debug TA|Win32
		{C68C08E7-E072-BE42-EEB4-9BA82521C7D9}.Debug|Win32.ActiveCfg = Debug|Win32
		{C68C08E7-E072-BE42-EEB4-9BA82521C7D9}.Release Alpha|Win32.ActiveCfg = Release TA|Win32
		{C68C08E7-E072-BE42-EEB4-9BA82521C7D9}.Release Alpha|Win32.Build.0 = Release TA|Win32
		{C68C08E7-E072-BE42-EEB4-9BA82521C7D9}.Release TA DEMO|Win32.ActiveCfg = Release TA|Win32
		{C68C08E7-E072-BE42-EEB4-9BA82521C7D9}.Release TA DEMO|Win32.Build.0 = Release TA|Win32
		{C68C08E7-E072-BE42-EEB4-9BA82521C7D9}.Release TA|Win32.ActiveCfg = Release TA|Win32
		{C68C08E7-E072-BE42-EEB4-9BA82521C7D9}.Release|Win32.ActiveCfg = Release|Win32
		{C68C08E7-E072-BE42-EEB4-9BA82521C7D9}.vector|Win32.ActiveCfg = Release|Win32
		{C68C08E7-E072-BE42-EEB4-9BA82521C7D9}.vector|Win32.Build.0 = Release|Win32
		{DA3CF0DC-ED6D-2A17-C298-04115F602566}.Debug Alpha|Win32.ActiveCfg = Debug Alpha|Win32
		{DA3CF0DC-ED6D-2A17-C298-04115F602566}.Debug Alpha|Win32.Build.0 = Debug Alpha|Win32
		{DA3CF0DC-ED6D-2A17-C298-04115F602566}.Debug TA DEMO|Win32.ActiveCfg = Debug TA|Win32
		{DA3CF0DC-ED6D-2A17-C298-04115F602566}.Debug TA DEMO|Win32.Build.0 = Debug TA|Win32
		{DA3CF0DC-ED6D-2A17-C298-04115F602566}.Debug TA|Win32.ActiveCfg = Debug TA|Win32
		{DA3CF0DC-ED6D-2A17-C298-04115F602566}.Debug|Win32.ActiveCfg = Debug|Win32
		{DA3CF0DC-ED6D-2A17-C298-04115F602566}.Release Alpha|Win32.ActiveCfg = Release Alpha|Win32
		{DA3CF0DC-ED6D-2A17-C298-04115F602566}.Release Alpha|Win32.Build.0 = Release Alpha|Win32
		{DA3CF0DC-ED6D-2A17-C298-04115F602566}.Release TA DEMO|Win32.ActiveCfg = Release TA|Win32
		{DA3CF0DC-ED6D-2A17-C298-04115F602566}.Release TA DEMO|Win32.Build.0 = Release TA|Win32
		{DA3CF0DC-ED6D-2A17-C298-04115F602566}.Release TA|Win32.ActiveCfg = Release TA|Win32
		{DA3CF0DC-ED6D-2A17-C298-04115F602566}.Release|Win32.ActiveCfg = Release|Win32
		{DA3CF0DC-ED6D-2A17-C298-04115F602566}.vector|Win32.ActiveCfg = Release|Win32
		{DA3CF0DC-ED6D-2A17-C298-04115F602566}.vector|Win32.Build.0 = Release|Win32
		{257D73E6-DAE4-D624-72A8-EAFFCDE53B5D}.Debug Alpha|Win32.ActiveCfg = Debug TA|Win32
		{257D73E6-DAE4-D624-72A8-EAFFCDE53B5D}.Debug Alpha|Win32.Build.0 = Debug TA|Win32
		{257D73E6-DAE4-D624-72A8-EAFFCDE53B5D}.Debug TA DEMO|Win32.ActiveCfg = Debug TA|Win32
		{257D73E6-DAE4-D624-72A8-EAFFCDE53B5D}.Debug TA DEMO|Win32.Build.0 = Debug TA|Win32
		{257D73E6-DAE4-D624-72A8-EAFFCDE53B5D}.Debug TA|Win32.ActiveCfg = Debug TA|Win32
		{257D73E6-DAE4-D624-72A8-EAFFCDE53B5D}.Debug|Win32.ActiveCfg = Debug|Win32
		{257D73E6-DAE4-D624-72A8-EAFFCDE53B5D}.Release Alpha|Win32.ActiveCfg = Release TA|Win32
		{257D73E6-DAE4-D624-72A8-EAFFCDE53B5D}.Release Alpha|Win32.Build.0 = Release TA|Win32
		{257D73E6-DAE4-D624-72A8-EAFFCDE53B5D}.Release TA DEMO|Win32.ActiveCfg = Release TA|Win32
		{257D73E6-DAE4-D624-72A8-EAFFCDE53B5D}.Release TA DEMO|Win32.Build.0 = Release TA|Win32
		{257D73E6-DAE4-D624-72A8-EAFFCDE53B5D}.Release TA|Win32.ActiveCfg = Release TA|Win32
		{257D73E6-DAE4-D624-72A8-EAFFCDE53B5D}.Release|Win32.ActiveCfg = Release|Win32
		{257D73E6-DAE4-D624-72A8-EAFFCDE53B5D}.vector|Win32.ActiveCfg = Release|Win32
		{257D73E6-DAE4-D624-72A8-EAFFCDE53B5D}.vector|Win32.Build.0 = Release|Win32
		{0E715305-602B-BBBC-BAC9-F67549C2898A}.Debug Alpha|Win32.ActiveCfg = Debug TA|Win32
		{0E715305-602B-BBBC-BAC9-F67549C2898A}.Debug Alpha|Win32.Build.0 = Debug TA|Win32
		{0E715305-602B-BBBC-BAC9-F67549C2898A}.Debug TA DEMO|Win32.ActiveCfg = Debug TA DEMO|Win32
		{0E715305-602B-BBBC-BAC9-F67549C2898A}.Debug TA DEMO|Win32.Build.0 = Debug TA DEMO|Win32
		{0E715305-602B-BBBC-BAC9-F67549C2898A}.Debug TA|Win32.ActiveCfg = Debug TA|Win32
		{0E715305-602B-BBBC-BAC9-F67549C2898A}.Debug|Win32.ActiveCfg = Debug|Win32
		{0E715305-602B-BBBC-BAC9-F67549C2898A}.Release Alpha|Win32.ActiveCfg = Release TA|Win32
		{0E715305-602B-BBBC-BAC9-F67549C2898A}.Release Alpha|Win32.Build.0 = Release TA|Win32
		{0E715305-602B-BBBC-BAC9-F67549C2898A}.Release TA DEMO|Win32.ActiveCfg = Release TA DEMO|Win32
		{0E715305-602B-BBBC-BAC9-F67549C2898A}.Release TA DEMO|Win32.Build.0 = Release TA DEMO|Win32
		{0E715305-602B-BBBC-BAC9-F67549C2898A}.Release TA|Win32.ActiveCfg = Release TA|Win32
		{0E715305-602B-BBBC-BAC9-F67549C2898A}.Release|Win32.ActiveCfg = Release|Win32
		{0E715305-602B-BBBC-BAC9-F67549C2898A}.vector|Win32.ActiveCfg = vector|Win32
		{0E715305-602B-BBBC-BAC9-F67549C2898A}.vector|Win32.Build.0 = vector|Win32
		{AA25EB69-7517-56D3-13C9-FDC1661F71E4}.Debug Alpha|Win32.ActiveCfg = Debug TA|Win32
		{AA25EB69-7517-56D3-13C9-FDC1661F71E4}.Debug Alpha|Win32.Build.0 = Debug TA|Win32
		{AA25EB69-7517-56D3-13C9-FDC1661F71E4}.Debug TA DEMO|Win32.ActiveCfg = Debug TA|Win32
		{AA25EB69-7517-56D3-13C9-FDC1661F71E4}.Debug TA DEMO|Win32.Build.0 = Debug TA|Win32
		{AA25EB69-7517-56D3-13C9-FDC1661F71E4}.Debug TA|Win32.ActiveCfg = Debug TA|Win32
		{AA25EB69-7517-56D3-13C9-FDC1661F71E4}.Debug|Win32.ActiveCfg = Debug|Win32
		{AA25EB69-7517-56D3-13C9-FDC1661F71E4}.Release Alpha|Win32.ActiveCfg = Release TA|Win32
		{AA25EB69-7517-56D3-13C9-FDC1661F71E4}.Release Alpha|Win32.Build.0 = Release TA|Win32
		{AA25EB69-7517-56D3-13C9-FDC1661F71E4}.Release TA DEMO|Win32.ActiveCfg = Release TA|Win32
		{AA25EB69-7517-56D3-13C9-FDC1661F71E4}.Release TA DEMO|Win32.Build.0 = Release TA|Win32
		{AA25EB69-7517-56D3-13C9-FDC1661F71E4}.Release TA|Win32.ActiveCfg = Release TA|Win32
		{AA25EB69-7517-56D3-13C9-FDC1661F71E4}.Release|Win32.ActiveCfg = Release|Win32
		{AA25EB69-7517-56D3-13C9-FDC1661F71E4}.vector|Win32.ActiveCfg = vector|Win32
		{AA25EB69-7517-56D3-13C9-FDC1661F71E4}.vector|Win32.Build.0 = vector|Win32
		{F8378E0C-F93E-5C6F-11D4-D2DEE3FBF0A7}.Debug Alpha|Win32.ActiveCfg = Debug TA|Win32
		{F8378E0C-F93E-5C6F-11D4-D2DEE3FBF0A7}.Debug Alpha|Win32.Build.0 = Debug TA|Win32
		{F8378E0C-F93E-5C6F-11D4-D2DEE3FBF0A7}.Debug TA DEMO|Win32.ActiveCfg = Debug TA|Win32
		{F8378E0C-F93E-5C6F-11D4-D2DEE3FBF0A7}.Debug TA DEMO|Win32.Build.0 = Debug TA|Win32
		{F8378E0C-F93E-5C6F-11D4-D2DEE3FBF0A7}.Debug TA|Win32.ActiveCfg = Debug TA|Win32
		{F8378E0C-F93E-5C6F-11D4-D2DEE3FBF0A7}.Debug|Win32.ActiveCfg = Debug|Win32
		{F8378E0C-F93E-5C6F-11D4-D2DEE3FBF0A7}.Release Alpha|Win32.ActiveCfg = Release TA|Win32
		{F8378E0C-F93E-5C6F-11D4-D2DEE3FBF0A7}.Release Alpha|Win32.Build.0 = Release TA|Win32
		{F8378E0C-F93E-5C6F-11D4-D2DEE3FBF0A7}.Release TA DEMO|Win32.ActiveCfg = Release TA|Win32
		{F8378E0C-F93E-5C6F-11D4-D2DEE3FBF0A7}.Release TA DEMO|Win32.Build.0 = Release TA|Win32
		{F8378E0C-F93E-5C6F-11D4-D2DEE3FBF0A7}.Release TA|Win32.ActiveCfg = Release TA|Win32
		{F8378E0C-F93E-5C6F-11D4-D2DEE3FBF0A7}.Release|Win32.ActiveCfg = Release|Win32
		{F8378E0C-F93E-5C6F-11D4-D2DEE3FBF0A7}.vector|Win32.ActiveCfg = vector|Win32
		{F8378E0C-F93E-5C6F-11D4-D2DEE3FBF0A7}.vector|Win32.Build.0 = vector|Win32
	EndGlobalSection
	GlobalSection(SolutionProperties) = preSolution
		HideSolutionNode = FALSE
	EndGlobalSection
	GlobalSection(SourceCodeControl) = preSolution
		SccNumberOfProjects = 8
		SccProjectUniqueName0 = splines\\Splines.vcproj
		SccProjectName0 = \u0022$/MissionPack/code/Splines\u0022,\u0020WJNAAAAA
		SccLocalPath0 = splines
		SccProvider0 = MSSCCI:Perforce\u0020SCM
		SccProjectUniqueName1 = botlib\\botlib.vcproj
		SccProjectName1 = \u0022$/MissionPack/code/botlib\u0022,\u0020HBAAAAAA
		SccLocalPath1 = botlib
		SccProvider1 = MSSCCI:Perforce\u0020SCM
		SccProjectUniqueName2 = cgame\\cgame.vcproj
		SccProjectName2 = \u0022$/MissionPack/code/cgame\u0022,\u0020NPAAAAAA
		SccLocalPath2 = cgame
		SccProvider2 = MSSCCI:Perforce\u0020SCM
		SccProjectUniqueName3 = game\\game.vcproj
		SccProjectName3 = \u0022$/MissionPack/code/game\u0022,\u0020CYAAAAAA
		SccLocalPath3 = game
		SccProvider3 = MSSCCI:Perforce\u0020SCM
		SccProjectUniqueName4 = q3_ui\\q3_ui.vcproj
		SccProjectName4 = \u0022$/MissionPack/code/q3_ui\u0022,\u0020VFLAAAAA
		SccLocalPath4 = q3_ui
		SccProvider4 = MSSCCI:Perforce\u0020SCM
		SccProjectUniqueName5 = quake3.vcproj
		SccProjectName5 = \u0022$/MissionPack/code\u0022,\u0020CAAAAAAA
		SccLocalPath5 = .
		SccProvider5 = MSSCCI:Perforce\u0020SCM
		SccProjectUniqueName6 = renderer\\renderer.vcproj
		SccProjectName6 = \u0022$/MissionPack/code/renderer\u0022,\u0020EJBAAAAA
		SccLocalPath6 = renderer
		SccProvider6 = MSSCCI:Perforce\u0020SCM
		SccProjectUniqueName7 = ui\\ui.vcproj
		SccProjectName7 = \u0022$/MissionPack/code/ui\u0022,\u0020AOBAAAAA
		SccLocalPath7 = ui
		SccProvider7 = MSSCCI:Perforce\u0020SCM
	EndGlobalSection
EndGlobal
