Microsoft Visual Studio Solution File, Format Version 12.00
# Visual Studio Version 17
VisualStudioVersion = 17.13.35825.156
MinimumVisualStudioVersion = 10.0.40219.1
Project("{8BC9CEB8-8B4A-11D0-8D11-00A0C91BC942}") = "quake3", "quake3.vcxproj", "{07FBD807-2D85-D703-7572-047BB64FFB0E}"
EndProject
Project("{8BC9CEB8-8B4A-11D0-8D11-00A0C91BC942}") = "renderer", "renderer\renderer.vcxproj", "{720A065F-ACF8-559C-07FF-922458631FDD}"
EndProject
Project("{8BC9CEB8-8B4A-11D0-8D11-00A0C91BC942}") = "botlib", "botlib\botlib.vcxproj", "{AAD5E79A-F6E0-76FC-39A5-9D8D358188C1}"
EndProject
Project("{8BC9CEB8-8B4A-11D0-8D11-00A0C91BC942}") = "cgame", "cgame\cgame.vcxproj", "{67B51683-BA1B-CD4C-338F-95325B5FF4D9}"
EndProject
Project("{8BC9CEB8-8B4A-11D0-8D11-00A0C91BC942}") = "game", "game\game.vcxproj", "{4F6DF3D4-3D40-D643-63F6-71BFB32E23AF}"
EndProject
Project("{8BC9CEB8-8B4A-11D0-8D11-00A0C91BC942}") = "q3_ui", "q3_ui\q3_ui.vcxproj", "{8F84B822-1DEB-64AE-9B16-BA056C0D50C7}"
EndProject
Project("{8BC9CEB8-8B4A-11D0-8D11-00A0C91BC942}") = "ui", "ui\ui.vcxproj", "{E5F8B4BE-F7B0-F615-FF1A-6E729416B3E6}"
EndProject
Global
	GlobalSection(SolutionConfigurationPlatforms) = preSolution
		Debug TA DEMO|Win32 = Debug TA DEMO|Win32
		Debug TA|Win32 = Debug TA|Win32
		Debug|Win32 = Debug|Win32
		Release TA DEMO|Win32 = Release TA DEMO|Win32
		Release TA|Win32 = Release TA|Win32
		Release|Win32 = Release|Win32
	EndGlobalSection
	GlobalSection(ProjectConfigurationPlatforms) = postSolution
		{07FBD807-2D85-D703-7572-047BB64FFB0E}.Debug TA DEMO|Win32.ActiveCfg = Debug TA DEMO|Win32
		{07FBD807-2D85-D703-7572-047BB64FFB0E}.Debug TA DEMO|Win32.Build.0 = Debug TA DEMO|Win32
		{07FBD807-2D85-D703-7572-047BB64FFB0E}.Debug TA|Win32.ActiveCfg = Debug TA|Win32
		{07FBD807-2D85-D703-7572-047BB64FFB0E}.Debug TA|Win32.Build.0 = Debug TA|Win32
		{07FBD807-2D85-D703-7572-047BB64FFB0E}.Debug|Win32.ActiveCfg = Debug|Win32
		{07FBD807-2D85-D703-7572-047BB64FFB0E}.Debug|Win32.Build.0 = Debug|Win32
		{07FBD807-2D85-D703-7572-047BB64FFB0E}.Release TA DEMO|Win32.ActiveCfg = Release TA DEMO|Win32
		{07FBD807-2D85-D703-7572-047BB64FFB0E}.Release TA DEMO|Win32.Build.0 = Release TA DEMO|Win32
		{07FBD807-2D85-D703-7572-047BB64FFB0E}.Release TA|Win32.ActiveCfg = Release TA|Win32
		{07FBD807-2D85-D703-7572-047BB64FFB0E}.Release TA|Win32.Build.0 = Release TA|Win32
		{07FBD807-2D85-D703-7572-047BB64FFB0E}.Release|Win32.ActiveCfg = Release|Win32
		{07FBD807-2D85-D703-7572-047BB64FFB0E}.Release|Win32.Build.0 = Release|Win32
		{720A065F-ACF8-559C-07FF-922458631FDD}.Debug TA DEMO|Win32.ActiveCfg = Debug TA|Win32
		{720A065F-ACF8-559C-07FF-922458631FDD}.Debug TA DEMO|Win32.Build.0 = Debug TA|Win32
		{720A065F-ACF8-559C-07FF-922458631FDD}.Debug TA|Win32.ActiveCfg = Debug TA|Win32
		{720A065F-ACF8-559C-07FF-922458631FDD}.Debug TA|Win32.Build.0 = Debug TA|Win32
		{720A065F-ACF8-559C-07FF-922458631FDD}.Debug|Win32.ActiveCfg = Debug|Win32
		{720A065F-ACF8-559C-07FF-922458631FDD}.Debug|Win32.Build.0 = Debug|Win32
		{720A065F-ACF8-559C-07FF-922458631FDD}.Release TA DEMO|Win32.ActiveCfg = Release TA|Win32
		{720A065F-ACF8-559C-07FF-922458631FDD}.Release TA DEMO|Win32.Build.0 = Release TA|Win32
		{720A065F-ACF8-559C-07FF-922458631FDD}.Release TA|Win32.ActiveCfg = Release TA|Win32
		{720A065F-ACF8-559C-07FF-922458631FDD}.Release TA|Win32.Build.0 = Release TA|Win32
		{720A065F-ACF8-559C-07FF-922458631FDD}.Release|Win32.ActiveCfg = Release|Win32
		{720A065F-ACF8-559C-07FF-922458631FDD}.Release|Win32.Build.0 = Release|Win32
		{AAD5E79A-F6E0-76FC-39A5-9D8D358188C1}.Debug TA DEMO|Win32.ActiveCfg = Debug TA|Win32
		{AAD5E79A-F6E0-76FC-39A5-9D8D358188C1}.Debug TA DEMO|Win32.Build.0 = Debug TA|Win32
		{AAD5E79A-F6E0-76FC-39A5-9D8D358188C1}.Debug TA|Win32.ActiveCfg = Debug TA|Win32
		{AAD5E79A-F6E0-76FC-39A5-9D8D358188C1}.Debug TA|Win32.Build.0 = Debug TA|Win32
		{AAD5E79A-F6E0-76FC-39A5-9D8D358188C1}.Debug|Win32.ActiveCfg = Debug|Win32
		{AAD5E79A-F6E0-76FC-39A5-9D8D358188C1}.Debug|Win32.Build.0 = Debug|Win32
		{AAD5E79A-F6E0-76FC-39A5-9D8D358188C1}.Release TA DEMO|Win32.ActiveCfg = Release TA|Win32
		{AAD5E79A-F6E0-76FC-39A5-9D8D358188C1}.Release TA DEMO|Win32.Build.0 = Release TA|Win32
		{AAD5E79A-F6E0-76FC-39A5-9D8D358188C1}.Release TA|Win32.ActiveCfg = Release TA|Win32
		{AAD5E79A-F6E0-76FC-39A5-9D8D358188C1}.Release TA|Win32.Build.0 = Release TA|Win32
		{AAD5E79A-F6E0-76FC-39A5-9D8D358188C1}.Release|Win32.ActiveCfg = Release|Win32
		{AAD5E79A-F6E0-76FC-39A5-9D8D358188C1}.Release|Win32.Build.0 = Release|Win32
		{67B51683-BA1B-CD4C-338F-95325B5FF4D9}.Debug TA DEMO|Win32.ActiveCfg = Debug TA|Win32
		{67B51683-BA1B-CD4C-338F-95325B5FF4D9}.Debug TA DEMO|Win32.Build.0 = Debug TA|Win32
		{67B51683-BA1B-CD4C-338F-95325B5FF4D9}.Debug TA|Win32.ActiveCfg = Debug TA|Win32
		{67B51683-BA1B-CD4C-338F-95325B5FF4D9}.Debug TA|Win32.Build.0 = Debug TA|Win32
		{67B51683-BA1B-CD4C-338F-95325B5FF4D9}.Debug|Win32.ActiveCfg = Debug|Win32
		{67B51683-BA1B-CD4C-338F-95325B5FF4D9}.Debug|Win32.Build.0 = Debug|Win32
		{67B51683-BA1B-CD4C-338F-95325B5FF4D9}.Release TA DEMO|Win32.ActiveCfg = Release TA|Win32
		{67B51683-BA1B-CD4C-338F-95325B5FF4D9}.Release TA DEMO|Win32.Build.0 = Release TA|Win32
		{67B51683-BA1B-CD4C-338F-95325B5FF4D9}.Release TA|Win32.ActiveCfg = Release TA|Win32
		{67B51683-BA1B-CD4C-338F-95325B5FF4D9}.Release TA|Win32.Build.0 = Release TA|Win32
		{67B51683-BA1B-CD4C-338F-95325B5FF4D9}.Release|Win32.ActiveCfg = Release|Win32
		{67B51683-BA1B-CD4C-338F-95325B5FF4D9}.Release|Win32.Build.0 = Release|Win32
		{4F6DF3D4-3D40-D643-63F6-71BFB32E23AF}.Debug TA DEMO|Win32.ActiveCfg = Debug TA|Win32
		{4F6DF3D4-3D40-D643-63F6-71BFB32E23AF}.Debug TA DEMO|Win32.Build.0 = Debug TA|Win32
		{4F6DF3D4-3D40-D643-63F6-71BFB32E23AF}.Debug TA|Win32.ActiveCfg = Debug TA|Win32
		{4F6DF3D4-3D40-D643-63F6-71BFB32E23AF}.Debug TA|Win32.Build.0 = Debug TA|Win32
		{4F6DF3D4-3D40-D643-63F6-71BFB32E23AF}.Debug|Win32.ActiveCfg = Debug|Win32
		{4F6DF3D4-3D40-D643-63F6-71BFB32E23AF}.Debug|Win32.Build.0 = Debug|Win32
		{4F6DF3D4-3D40-D643-63F6-71BFB32E23AF}.Release TA DEMO|Win32.ActiveCfg = Release TA|Win32
		{4F6DF3D4-3D40-D643-63F6-71BFB32E23AF}.Release TA DEMO|Win32.Build.0 = Release TA|Win32
		{4F6DF3D4-3D40-D643-63F6-71BFB32E23AF}.Release TA|Win32.ActiveCfg = Release TA|Win32
		{4F6DF3D4-3D40-D643-63F6-71BFB32E23AF}.Release TA|Win32.Build.0 = Release TA|Win32
		{4F6DF3D4-3D40-D643-63F6-71BFB32E23AF}.Release|Win32.ActiveCfg = Release|Win32
		{4F6DF3D4-3D40-D643-63F6-71BFB32E23AF}.Release|Win32.Build.0 = Release|Win32
		{8F84B822-1DEB-64AE-9B16-BA056C0D50C7}.Debug TA DEMO|Win32.ActiveCfg = Debug TA|Win32
		{8F84B822-1DEB-64AE-9B16-BA056C0D50C7}.Debug TA DEMO|Win32.Build.0 = Debug TA|Win32
		{8F84B822-1DEB-64AE-9B16-BA056C0D50C7}.Debug TA|Win32.ActiveCfg = Debug TA|Win32
		{8F84B822-1DEB-64AE-9B16-BA056C0D50C7}.Debug TA|Win32.Build.0 = Debug TA|Win32
		{8F84B822-1DEB-64AE-9B16-BA056C0D50C7}.Debug|Win32.ActiveCfg = Debug|Win32
		{8F84B822-1DEB-64AE-9B16-BA056C0D50C7}.Debug|Win32.Build.0 = Debug|Win32
		{8F84B822-1DEB-64AE-9B16-BA056C0D50C7}.Release TA DEMO|Win32.ActiveCfg = Release TA|Win32
		{8F84B822-1DEB-64AE-9B16-BA056C0D50C7}.Release TA DEMO|Win32.Build.0 = Release TA|Win32
		{8F84B822-1DEB-64AE-9B16-BA056C0D50C7}.Release TA|Win32.ActiveCfg = Release TA|Win32
		{8F84B822-1DEB-64AE-9B16-BA056C0D50C7}.Release TA|Win32.Build.0 = Release TA|Win32
		{8F84B822-1DEB-64AE-9B16-BA056C0D50C7}.Release|Win32.ActiveCfg = Release|Win32
		{8F84B822-1DEB-64AE-9B16-BA056C0D50C7}.Release|Win32.Build.0 = Release|Win32
		{E5F8B4BE-F7B0-F615-FF1A-6E729416B3E6}.Debug TA DEMO|Win32.ActiveCfg = Debug TA|Win32
		{E5F8B4BE-F7B0-F615-FF1A-6E729416B3E6}.Debug TA DEMO|Win32.Build.0 = Debug TA|Win32
		{E5F8B4BE-F7B0-F615-FF1A-6E729416B3E6}.Debug TA|Win32.ActiveCfg = Debug TA|Win32
		{E5F8B4BE-F7B0-F615-FF1A-6E729416B3E6}.Debug TA|Win32.Build.0 = Debug TA|Win32
		{E5F8B4BE-F7B0-F615-FF1A-6E729416B3E6}.Debug|Win32.ActiveCfg = Debug|Win32
		{E5F8B4BE-F7B0-F615-FF1A-6E729416B3E6}.Debug|Win32.Build.0 = Debug|Win32
		{E5F8B4BE-F7B0-F615-FF1A-6E729416B3E6}.Release TA DEMO|Win32.ActiveCfg = Release TA|Win32
		{E5F8B4BE-F7B0-F615-FF1A-6E729416B3E6}.Release TA DEMO|Win32.Build.0 = Release TA|Win32
		{E5F8B4BE-F7B0-F615-FF1A-6E729416B3E6}.Release TA|Win32.ActiveCfg = Release TA|Win32
		{E5F8B4BE-F7B0-F615-FF1A-6E729416B3E6}.Release TA|Win32.Build.0 = Release TA|Win32
		{E5F8B4BE-F7B0-F615-FF1A-6E729416B3E6}.Release|Win32.ActiveCfg = Release|Win32
		{E5F8B4BE-F7B0-F615-FF1A-6E729416B3E6}.Release|Win32.Build.0 = Release|Win32
	EndGlobalSection
	GlobalSection(SolutionProperties) = preSolution
		HideSolutionNode = FALSE
	EndGlobalSection
	GlobalSection(ExtensibilityGlobals) = postSolution
		SolutionGuid = {31802ED0-0564-442C-8F4A-7BA404BE1EF5}
	EndGlobalSection
EndGlobal
