Microsoft Visual Studio Solution File, Format Version 11.00
# Visual C++ Express 2010
Project("{8BC9CEB8-8B4A-11D0-8D11-00A0C91BC942}") = "pak", "..\libs\pak\pak.vcxproj", "{652BEECB-E38A-3DE9-3238-F2B2BAABE248}"
EndProject
Project("{8BC9CEB8-8B4A-11D0-8D11-00A0C91BC942}") = "q3map", "q3map.vcxproj", "{429C9B6A-ACA6-3CB5-913C-A1F29DBC2A13}"
	ProjectSection(ProjectDependencies) = postProject
		{B87C3651-E6FB-4250-0317-E02FB33D6662} = {B87C3651-E6FB-4250-0317-E02FB33D6662}
	EndProjectSection
EndProject
Project("{8BC9CEB8-8B4A-11D0-8D11-00A0C91BC942}") = "jpeg9", "..\libs\jpeg9\jpeg9.vcxproj", "{B87C3651-E6FB-4250-0317-E02FB33D6662}"
EndProject
Global
	GlobalSection(SolutionConfigurationPlatforms) = preSolution
		Debug|Win32 = Debug|Win32
		Release|Win32 = Release|Win32
	EndGlobalSection
	GlobalSection(ProjectConfigurationPlatforms) = postSolution
		{652BEECB-E38A-3DE9-3238-F2B2BAABE248}.Debug|Win32.ActiveCfg = Debug|Win32
		{652BEECB-E38A-3DE9-3238-F2B2BAABE248}.Release|Win32.ActiveCfg = Release|Win32
		{429C9B6A-ACA6-3CB5-913C-A1F29DBC2A13}.Debug|Win32.ActiveCfg = Debug|Win32
		{429C9B6A-ACA6-3CB5-913C-A1F29DBC2A13}.Release|Win32.ActiveCfg = Release|Win32
		{B87C3651-E6FB-4250-0317-E02FB33D6662}.Debug|Win32.ActiveCfg = Debug|Win32
		{B87C3651-E6FB-4250-0317-E02FB33D6662}.Debug|Win32.Build.0 = Debug|Win32
		{B87C3651-E6FB-4250-0317-E02FB33D6662}.Release|Win32.ActiveCfg = Release|Win32
		{B87C3651-E6FB-4250-0317-E02FB33D6662}.Release|Win32.Build.0 = Release|Win32
	EndGlobalSection
	GlobalSection(SolutionProperties) = preSolution
		HideSolutionNode = FALSE
	EndGlobalSection
	GlobalSection(SourceCodeControl) = preSolution
		SccNumberOfProjects = 3
		SccProjectUniqueName0 = ..\\libs\\jpeg6\\jpeg6.vcproj
		SccProjectName0 = \u0022$/source/q3radiant\u0022,\u0020FEFAAAAA
		SccLocalPath0 = ..\\q3radiant
		SccProvider0 = MSSCCI:Perforce\u0020SCM
		SccProjectFilePathRelativizedFromConnection0 = ..\\libs\\jpeg6\\
		SccProjectUniqueName1 = ..\\libs\\pak\\pak.vcproj
		SccProjectName1 = \u0022$/source/q3radiant\u0022,\u0020FEFAAAAA
		SccLocalPath1 = ..\\q3radiant
		SccProvider1 = MSSCCI:Perforce\u0020SCM
		SccProjectFilePathRelativizedFromConnection1 = ..\\libs\\pak\\
		SccProjectUniqueName2 = q3map.vcproj
		SccProjectName2 = \u0022$/source/q3map\u0022,\u0020PADAAAAA
		SccLocalPath2 = .
		SccProvider2 = MSSCCI:Perforce\u0020SCM
	EndGlobalSection
EndGlobal
