Microsoft Visual Studio Solution File, Format Version 11.00
# Visual C++ Express 2010
Project("{8BC9CEB8-8B4A-11D0-8D11-00A0C91BC942}") = "bspc", "bspc.vcxproj", "{53F00744-1937-4588-AB5E-F8121DB19F3D}"
EndProject
Global
	GlobalSection(SolutionConfigurationPlatforms) = preSolution
		Debug|Win32 = Debug|Win32
		Release|Win32 = Release|Win32
	EndGlobalSection
	GlobalSection(ProjectConfigurationPlatforms) = postSolution
		{53F00744-1937-4588-AB5E-F8121DB19F3D}.Debug|Win32.ActiveCfg = Debug|Win32
		{53F00744-1937-4588-AB5E-F8121DB19F3D}.Release|Win32.ActiveCfg = Release|Win32
	EndGlobalSection
	GlobalSection(SolutionProperties) = preSolution
		HideSolutionNode = FALSE
	EndGlobalSection
	GlobalSection(SourceCodeControl) = preSolution
		SccNumberOfProjects = 1
		SccProjectUniqueName0 = bspc.vcproj
		SccProjectName0 = \u0022$/source/code/bspc\u0022,\u0020IGAAAAAA
		SccLocalPath0 = .
		SccProvider0 = MSSCCI:Perforce\u0020SCM
	EndGlobalSection
EndGlobal
